
Microsoft Visual Studio Solution File, Format Version 12.00
# Visual Studio Version 17
VisualStudioVersion = 17.14.36414.22 d17.14
MinimumVisualStudioVersion = 10.0.40219.1
Project("{FAE04EC0-301F-11D3-BF4B-00C04F79EFBC}") = "StudentManagement.Core", "src\StudentManagement.Core\StudentManagement.Core.csproj", "{EFEDD8E5-A6A5-4950-830A-4E9C6A1E8400}"
EndProject
Project("{FAE04EC0-301F-11D3-BF4B-00C04F79EFBC}") = "StudentManagement.Data", "src\StudentManagement.Data\StudentManagement.Data.csproj", "{A20ABF68-C790-4730-9A06-6AD8E7CF9602}"
EndProject
Project("{FAE04EC0-301F-11D3-BF4B-00C04F79EFBC}") = "StudentManagement.Api", "src\StudentManagement.Api\StudentManagement.Api.csproj", "{F2ABFA1C-AF2F-43E2-BF5D-91F42E665D7D}"
EndProject
Project("{FAE04EC0-301F-11D3-BF4B-00C04F79EFBC}") = "StudentManagement.WebApp", "src\StudentManagement.WebApp\StudentManagement.WebApp.csproj", "{FD1DE520-94F3-45CD-8DD7-FA03171858C5}"
EndProject
Global
	GlobalSection(SolutionConfigurationPlatforms) = preSolution
		Debug|Any CPU = Debug|Any CPU
		Release|Any CPU = Release|Any CPU
	EndGlobalSection
	GlobalSection(ProjectConfigurationPlatforms) = postSolution
		{EFEDD8E5-A6A5-4950-830A-4E9C6A1E8400}.Debug|Any CPU.ActiveCfg = Debug|Any CPU
		{EFEDD8E5-A6A5-4950-830A-4E9C6A1E8400}.Debug|Any CPU.Build.0 = Debug|Any CPU
		{EFEDD8E5-A6A5-4950-830A-4E9C6A1E8400}.Release|Any CPU.ActiveCfg = Release|Any CPU
		{EFEDD8E5-A6A5-4950-830A-4E9C6A1E8400}.Release|Any CPU.Build.0 = Release|Any CPU
		{A20ABF68-C790-4730-9A06-6AD8E7CF9602}.Debug|Any CPU.ActiveCfg = Debug|Any CPU
		{A20ABF68-C790-4730-9A06-6AD8E7CF9602}.Debug|Any CPU.Build.0 = Debug|Any CPU
		{A20ABF68-C790-4730-9A06-6AD8E7CF9602}.Release|Any CPU.ActiveCfg = Release|Any CPU
		{A20ABF68-C790-4730-9A06-6AD8E7CF9602}.Release|Any CPU.Build.0 = Release|Any CPU
		{F2ABFA1C-AF2F-43E2-BF5D-91F42E665D7D}.Debug|Any CPU.ActiveCfg = Debug|Any CPU
		{F2ABFA1C-AF2F-43E2-BF5D-91F42E665D7D}.Debug|Any CPU.Build.0 = Debug|Any CPU
		{F2ABFA1C-AF2F-43E2-BF5D-91F42E665D7D}.Release|Any CPU.ActiveCfg = Release|Any CPU
		{F2ABFA1C-AF2F-43E2-BF5D-91F42E665D7D}.Release|Any CPU.Build.0 = Release|Any CPU
		{FD1DE520-94F3-45CD-8DD7-FA03171858C5}.Debug|Any CPU.ActiveCfg = Debug|Any CPU
		{FD1DE520-94F3-45CD-8DD7-FA03171858C5}.Debug|Any CPU.Build.0 = Debug|Any CPU
		{FD1DE520-94F3-45CD-8DD7-FA03171858C5}.Release|Any CPU.ActiveCfg = Release|Any CPU
		{FD1DE520-94F3-45CD-8DD7-FA03171858C5}.Release|Any CPU.Build.0 = Release|Any CPU
	EndGlobalSection
	GlobalSection(SolutionProperties) = preSolution
		HideSolutionNode = FALSE
	EndGlobalSection
	GlobalSection(ExtensibilityGlobals) = postSolution
		SolutionGuid = {A0C99F8F-B2AE-4575-A417-EE5FD8A912EB}
	EndGlobalSection
EndGlobal
